{
  "nodes": {
    "nixpkgs": {
      "locked": {
        "lastModified": 1741763193,
        "narHash": "sha256-FDkHECxRrE2IBv2d0zXKx+KoklriRn+bERIxIQD5NoE=",
        "owner": "nixos",
        "repo": "nixpkgs",
        "rev": "6c745acde8553303d5ea1c393918465f5814c7a8",
        "type": "github"
      },
      "original": {
        "owner": "nixos",
        "ref": "r-updates",
        "repo": "nixpkgs",
        "type": "github"
      }
    },
    "root": {
      "inputs": {
        "nixpkgs": "nixpkgs"
      }
    }
  },
  "root": "root",
  "version": 7
}
