{
  "nodes": {
    "nixpkgs": {
      "locked": {
        "lastModified": 1718661586,
        "narHash": "sha256-24/7SyG6Lzv4q+7hcRLJ59A1BtieLJzMdRP/9NkEhnQ=",
        "owner": "nixos",
        "repo": "nixpkgs",
        "rev": "af5fe07d3c07f5d6b19dcce27d6261b29040b92e",
        "type": "github"
      },
      "original": {
        "owner": "nixos",
        "ref": "r-updates",
        "repo": "nixpkgs",
        "type": "github"
      }
    },
    "root": {
      "inputs": {
        "nixpkgs": "nixpkgs"
      }
    }
  },
  "root": "root",
  "version": 7
}
