{
  "nodes": {
    "nixpkgs": {
      "locked": {
        "lastModified": 1718861008,
        "narHash": "sha256-ZJapX/zDh1W6vSG5DUNXIKNMv7ILrm2r4VII1m1OQx0=",
        "owner": "nixos",
        "repo": "nixpkgs",
        "rev": "6f3340bf0f888d0fda9a3b91dd5b3a9b05d08212",
        "type": "github"
      },
      "original": {
        "owner": "nixos",
        "ref": "r-updates",
        "repo": "nixpkgs",
        "type": "github"
      }
    },
    "root": {
      "inputs": {
        "nixpkgs": "nixpkgs"
      }
    }
  },
  "root": "root",
  "version": 7
}
